// !$*UTF8*$!
{
	archiveVersion = 1;
	classes = {
	};
	objectVersion = 56;
	objects = {

/* Begin PBXBuildFile section */
		D934ECCB2C3AD3D200A00ED3 /* VStackExample.swift in Sources */ = {isa = PBXBuildFile; fileRef = D934ECCA2C3AD3D200A00ED3 /* VStackExample.swift */; };
		D934ECCD2C3AD78200A00ED3 /* HStackExample.swift in Sources */ = {isa = PBXBuildFile; fileRef = D934ECCC2C3AD78200A00ED3 /* HStackExample.swift */; };
		D934ECCF2C3AD91700A00ED3 /* ZStackExample.swift in Sources */ = {isa = PBXBuildFile; fileRef = D934ECCE2C3AD91700A00ED3 /* ZStackExample.swift */; };
		D94234AD2C3E9E4D007A8D6B /* CustomView.swift in Sources */ = {isa = PBXBuildFile; fileRef = D94234AC2C3E9E4D007A8D6B /* CustomView.swift */; };
		D94234B02C4033A7007A8D6B /* SpacingExample.swift in Sources */ = {isa = PBXBuildFile; fileRef = D94234AF2C4033A7007A8D6B /* SpacingExample.swift */; };
		D94234B22C403EDC007A8D6B /* ImageExample.swift in Sources */ = {isa = PBXBuildFile; fileRef = D94234B12C403EDC007A8D6B /* ImageExample.swift */; };
		D94234B42C414EDC007A8D6B /* ButtonExample.swift in Sources */ = {isa = PBXBuildFile; fileRef = D94234B32C414EDC007A8D6B /* ButtonExample.swift */; };
		D94234B82C4159C0007A8D6B /* StateExample.swift in Sources */ = {isa = PBXBuildFile; fileRef = D94234B72C4159C0007A8D6B /* StateExample.swift */; };
		D94234BC2C4196B0007A8D6B /* ListExample.swift in Sources */ = {isa = PBXBuildFile; fileRef = D94234BB2C4196B0007A8D6B /* ListExample.swift */; };
		D9747ED32C3693A5009D141C /* Array.swift in Sources */ = {isa = PBXBuildFile; fileRef = D9747ED22C3693A5009D141C /* Array.swift */; };
		D97D95802C372089000C8003 /* Closure.swift in Sources */ = {isa = PBXBuildFile; fileRef = D97D957F2C372089000C8003 /* Closure.swift */; };
		D97D95832C3722A2000C8003 /* StringView.swift in Sources */ = {isa = PBXBuildFile; fileRef = D97D95822C3722A2000C8003 /* StringView.swift */; };
		D97D95862C3728B2000C8003 /* GuardExample.swift in Sources */ = {isa = PBXBuildFile; fileRef = D97D95852C3728B2000C8003 /* GuardExample.swift */; };
		D97D95892C372993000C8003 /* DoTryCatch.swift in Sources */ = {isa = PBXBuildFile; fileRef = D97D95882C372993000C8003 /* DoTryCatch.swift */; };
		D986F7422C3559F8007200F4 /* BreakContinue.swift in Sources */ = {isa = PBXBuildFile; fileRef = D986F7412C3559F8007200F4 /* BreakContinue.swift */; };
		D986F7452C356160007200F4 /* OptionalBindingIfLet.swift in Sources */ = {isa = PBXBuildFile; fileRef = D986F7442C35615F007200F4 /* OptionalBindingIfLet.swift */; };
		D986F7482C3563D6007200F4 /* SetView.swift in Sources */ = {isa = PBXBuildFile; fileRef = D986F7472C3563D6007200F4 /* SetView.swift */; };
		D986F74B2C357386007200F4 /* EnumView.swift in Sources */ = {isa = PBXBuildFile; fileRef = D986F74A2C357386007200F4 /* EnumView.swift */; };
		D986F74E2C35AF16007200F4 /* Variables.swift in Sources */ = {isa = PBXBuildFile; fileRef = D986F74D2C35AF16007200F4 /* Variables.swift */; };
		D986F7512C35B1F5007200F4 /* PrintView.swift in Sources */ = {isa = PBXBuildFile; fileRef = D986F7502C35B1F5007200F4 /* PrintView.swift */; };
		D986F7542C35B249007200F4 /* LetView.swift in Sources */ = {isa = PBXBuildFile; fileRef = D986F7532C35B249007200F4 /* LetView.swift */; };
		D986F7572C35BCF7007200F4 /* CommentView.swift in Sources */ = {isa = PBXBuildFile; fileRef = D986F7562C35BCF7007200F4 /* CommentView.swift */; };
		D986F75A2C35BDC3007200F4 /* ArithmeticOperators.swift in Sources */ = {isa = PBXBuildFile; fileRef = D986F7592C35BDC3007200F4 /* ArithmeticOperators.swift */; };
		D986F75D2C35BEA9007200F4 /* TypeCasting.swift in Sources */ = {isa = PBXBuildFile; fileRef = D986F75C2C35BEA9007200F4 /* TypeCasting.swift */; };
		D986F7602C35BF4F007200F4 /* IfControllers.swift in Sources */ = {isa = PBXBuildFile; fileRef = D986F75F2C35BF4F007200F4 /* IfControllers.swift */; };
		D986F7632C35BFDF007200F4 /* SwitchCase.swift in Sources */ = {isa = PBXBuildFile; fileRef = D986F7622C35BFDF007200F4 /* SwitchCase.swift */; };
		D986F7662C35C092007200F4 /* ForLoop.swift in Sources */ = {isa = PBXBuildFile; fileRef = D986F7652C35C092007200F4 /* ForLoop.swift */; };
		D986F7692C35C126007200F4 /* WhileExample.swift in Sources */ = {isa = PBXBuildFile; fileRef = D986F7682C35C126007200F4 /* WhileExample.swift */; };
		D99CA25E2C2ED223004D49AD /* Encapsulation.swift in Sources */ = {isa = PBXBuildFile; fileRef = D99CA25D2C2ED223004D49AD /* Encapsulation.swift */; };
		D99CA2652C2ED489004D49AD /* Inheritance.swift in Sources */ = {isa = PBXBuildFile; fileRef = D99CA2642C2ED489004D49AD /* Inheritance.swift */; };
		D99CA26C2C2ED976004D49AD /* Polymorphism.swift in Sources */ = {isa = PBXBuildFile; fileRef = D99CA26B2C2ED976004D49AD /* Polymorphism.swift */; };
		D99CA2732C2EE73B004D49AD /* Abstraction.swift in Sources */ = {isa = PBXBuildFile; fileRef = D99CA2722C2EE73B004D49AD /* Abstraction.swift */; };
		D99CA27E2C30181F004D49AD /* DispatchQueueView.swift in Sources */ = {isa = PBXBuildFile; fileRef = D99CA27D2C30181F004D49AD /* DispatchQueueView.swift */; };
		D9B720E72C3DC79A006C72EF /* SpacerExample.swift in Sources */ = {isa = PBXBuildFile; fileRef = D9B720E62C3DC79A006C72EF /* SpacerExample.swift */; };
		D9B720E92C3DCE9D006C72EF /* PaddingExample.swift in Sources */ = {isa = PBXBuildFile; fileRef = D9B720E82C3DCE9D006C72EF /* PaddingExample.swift */; };
		D9B720EB2C3DCF87006C72EF /* FrameExample.swift in Sources */ = {isa = PBXBuildFile; fileRef = D9B720EA2C3DCF87006C72EF /* FrameExample.swift */; };
		D9B720ED2C3DE194006C72EF /* TextFieldExample.swift in Sources */ = {isa = PBXBuildFile; fileRef = D9B720EC2C3DE194006C72EF /* TextFieldExample.swift */; };
		D9B720EF2C3DE4EE006C72EF /* HomeWork1.swift in Sources */ = {isa = PBXBuildFile; fileRef = D9B720EE2C3DE4EE006C72EF /* HomeWork1.swift */; };
		D9BA359A2C2965CD0007F57B /* ReturnFunctions.swift in Sources */ = {isa = PBXBuildFile; fileRef = D9BA35992C2965CD0007F57B /* ReturnFunctions.swift */; };
		D9BA359D2C2984B10007F57B /* SimpleOOP.swift in Sources */ = {isa = PBXBuildFile; fileRef = D9BA359C2C2984B10007F57B /* SimpleOOP.swift */; };
		D9DDD75B2C27374A00E511C9 /* iOSLearningApp.swift in Sources */ = {isa = PBXBuildFile; fileRef = D9DDD75A2C27374A00E511C9 /* iOSLearningApp.swift */; };
		D9DDD75D2C27374A00E511C9 /* ContentView.swift in Sources */ = {isa = PBXBuildFile; fileRef = D9DDD75C2C27374A00E511C9 /* ContentView.swift */; };
		D9DDD75F2C27374B00E511C9 /* Assets.xcassets in Resources */ = {isa = PBXBuildFile; fileRef = D9DDD75E2C27374B00E511C9 /* Assets.xcassets */; };
		D9DDD7622C27374B00E511C9 /* Preview Assets.xcassets in Resources */ = {isa = PBXBuildFile; fileRef = D9DDD7612C27374B00E511C9 /* Preview Assets.xcassets */; };
		D9DDD76D2C2737FA00E511C9 /* SimpleFunctions.swift in Sources */ = {isa = PBXBuildFile; fileRef = D9DDD76C2C2737FA00E511C9 /* SimpleFunctions.swift */; };
		D9DDD76F2C273A7000E511C9 /* ParameterFunctions.swift in Sources */ = {isa = PBXBuildFile; fileRef = D9DDD76E2C273A7000E511C9 /* ParameterFunctions.swift */; };
		D9F4DC182C3ADD2C00594DFE /* AlignmentExample.swift in Sources */ = {isa = PBXBuildFile; fileRef = D9F4DC172C3ADD2C00594DFE /* AlignmentExample.swift */; };
/* End PBXBuildFile section */

/* Begin PBXFileReference section */
		D934ECCA2C3AD3D200A00ED3 /* VStackExample.swift */ = {isa = PBXFileReference; lastKnownFileType = sourcecode.swift; path = VStackExample.swift; sourceTree = "<group>"; };
		D934ECCC2C3AD78200A00ED3 /* HStackExample.swift */ = {isa = PBXFileReference; lastKnownFileType = sourcecode.swift; path = HStackExample.swift; sourceTree = "<group>"; };
		D934ECCE2C3AD91700A00ED3 /* ZStackExample.swift */ = {isa = PBXFileReference; lastKnownFileType = sourcecode.swift; path = ZStackExample.swift; sourceTree = "<group>"; };
		D94234AC2C3E9E4D007A8D6B /* CustomView.swift */ = {isa = PBXFileReference; lastKnownFileType = sourcecode.swift; path = CustomView.swift; sourceTree = "<group>"; };
		D94234AF2C4033A7007A8D6B /* SpacingExample.swift */ = {isa = PBXFileReference; lastKnownFileType = sourcecode.swift; path = SpacingExample.swift; sourceTree = "<group>"; };
		D94234B12C403EDC007A8D6B /* ImageExample.swift */ = {isa = PBXFileReference; lastKnownFileType = sourcecode.swift; path = ImageExample.swift; sourceTree = "<group>"; };
		D94234B32C414EDC007A8D6B /* ButtonExample.swift */ = {isa = PBXFileReference; lastKnownFileType = sourcecode.swift; path = ButtonExample.swift; sourceTree = "<group>"; };
		D94234B72C4159C0007A8D6B /* StateExample.swift */ = {isa = PBXFileReference; lastKnownFileType = sourcecode.swift; path = StateExample.swift; sourceTree = "<group>"; };
		D94234B92C415B5E007A8D6B /* SwiftLearning.entitlements */ = {isa = PBXFileReference; lastKnownFileType = text.plist.entitlements; path = SwiftLearning.entitlements; sourceTree = "<group>"; };
		D94234BA2C415B79007A8D6B /* SwiftLearning-Info.plist */ = {isa = PBXFileReference; lastKnownFileType = text.plist; path = "SwiftLearning-Info.plist"; sourceTree = "<group>"; };
		D94234BB2C4196B0007A8D6B /* ListExample.swift */ = {isa = PBXFileReference; lastKnownFileType = sourcecode.swift; path = ListExample.swift; sourceTree = "<group>"; };
		D9747ED22C3693A5009D141C /* Array.swift */ = {isa = PBXFileReference; lastKnownFileType = sourcecode.swift; path = Array.swift; sourceTree = "<group>"; };
		D97D957F2C372089000C8003 /* Closure.swift */ = {isa = PBXFileReference; lastKnownFileType = sourcecode.swift; path = Closure.swift; sourceTree = "<group>"; };
		D97D95822C3722A2000C8003 /* StringView.swift */ = {isa = PBXFileReference; lastKnownFileType = sourcecode.swift; path = StringView.swift; sourceTree = "<group>"; };
		D97D95852C3728B2000C8003 /* GuardExample.swift */ = {isa = PBXFileReference; lastKnownFileType = sourcecode.swift; path = GuardExample.swift; sourceTree = "<group>"; };
		D97D95882C372993000C8003 /* DoTryCatch.swift */ = {isa = PBXFileReference; lastKnownFileType = sourcecode.swift; path = DoTryCatch.swift; sourceTree = "<group>"; };
		D986F7412C3559F8007200F4 /* BreakContinue.swift */ = {isa = PBXFileReference; lastKnownFileType = sourcecode.swift; path = BreakContinue.swift; sourceTree = "<group>"; };
		D986F7442C35615F007200F4 /* OptionalBindingIfLet.swift */ = {isa = PBXFileReference; lastKnownFileType = sourcecode.swift; path = OptionalBindingIfLet.swift; sourceTree = "<group>"; };
		D986F7472C3563D6007200F4 /* SetView.swift */ = {isa = PBXFileReference; lastKnownFileType = sourcecode.swift; path = SetView.swift; sourceTree = "<group>"; };
		D986F74A2C357386007200F4 /* EnumView.swift */ = {isa = PBXFileReference; lastKnownFileType = sourcecode.swift; path = EnumView.swift; sourceTree = "<group>"; };
		D986F74D2C35AF16007200F4 /* Variables.swift */ = {isa = PBXFileReference; lastKnownFileType = sourcecode.swift; path = Variables.swift; sourceTree = "<group>"; };
		D986F7502C35B1F5007200F4 /* PrintView.swift */ = {isa = PBXFileReference; lastKnownFileType = sourcecode.swift; path = PrintView.swift; sourceTree = "<group>"; };
		D986F7532C35B249007200F4 /* LetView.swift */ = {isa = PBXFileReference; lastKnownFileType = sourcecode.swift; path = LetView.swift; sourceTree = "<group>"; };
		D986F7562C35BCF7007200F4 /* CommentView.swift */ = {isa = PBXFileReference; lastKnownFileType = sourcecode.swift; path = CommentView.swift; sourceTree = "<group>"; };
		D986F7592C35BDC3007200F4 /* ArithmeticOperators.swift */ = {isa = PBXFileReference; lastKnownFileType = sourcecode.swift; path = ArithmeticOperators.swift; sourceTree = "<group>"; };
		D986F75C2C35BEA9007200F4 /* TypeCasting.swift */ = {isa = PBXFileReference; lastKnownFileType = sourcecode.swift; path = TypeCasting.swift; sourceTree = "<group>"; };
		D986F75F2C35BF4F007200F4 /* IfControllers.swift */ = {isa = PBXFileReference; lastKnownFileType = sourcecode.swift; path = IfControllers.swift; sourceTree = "<group>"; };
		D986F7622C35BFDF007200F4 /* SwitchCase.swift */ = {isa = PBXFileReference; lastKnownFileType = sourcecode.swift; path = SwitchCase.swift; sourceTree = "<group>"; };
		D986F7652C35C092007200F4 /* ForLoop.swift */ = {isa = PBXFileReference; lastKnownFileType = sourcecode.swift; path = ForLoop.swift; sourceTree = "<group>"; };
		D986F7682C35C126007200F4 /* WhileExample.swift */ = {isa = PBXFileReference; lastKnownFileType = sourcecode.swift; path = WhileExample.swift; sourceTree = "<group>"; };
		D99CA25D2C2ED223004D49AD /* Encapsulation.swift */ = {isa = PBXFileReference; lastKnownFileType = sourcecode.swift; path = Encapsulation.swift; sourceTree = "<group>"; };
		D99CA2642C2ED489004D49AD /* Inheritance.swift */ = {isa = PBXFileReference; lastKnownFileType = sourcecode.swift; path = Inheritance.swift; sourceTree = "<group>"; };
		D99CA26B2C2ED976004D49AD /* Polymorphism.swift */ = {isa = PBXFileReference; lastKnownFileType = sourcecode.swift; path = Polymorphism.swift; sourceTree = "<group>"; };
		D99CA2722C2EE73B004D49AD /* Abstraction.swift */ = {isa = PBXFileReference; lastKnownFileType = sourcecode.swift; path = Abstraction.swift; sourceTree = "<group>"; };
		D99CA27D2C30181F004D49AD /* DispatchQueueView.swift */ = {isa = PBXFileReference; lastKnownFileType = sourcecode.swift; path = DispatchQueueView.swift; sourceTree = "<group>"; };
		D9B720E62C3DC79A006C72EF /* SpacerExample.swift */ = {isa = PBXFileReference; lastKnownFileType = sourcecode.swift; path = SpacerExample.swift; sourceTree = "<group>"; };
		D9B720E82C3DCE9D006C72EF /* PaddingExample.swift */ = {isa = PBXFileReference; lastKnownFileType = sourcecode.swift; path = PaddingExample.swift; sourceTree = "<group>"; };
		D9B720EA2C3DCF87006C72EF /* FrameExample.swift */ = {isa = PBXFileReference; lastKnownFileType = sourcecode.swift; path = FrameExample.swift; sourceTree = "<group>"; usesTabs = 0; };
		D9B720EC2C3DE194006C72EF /* TextFieldExample.swift */ = {isa = PBXFileReference; lastKnownFileType = sourcecode.swift; path = TextFieldExample.swift; sourceTree = "<group>"; };
		D9B720EE2C3DE4EE006C72EF /* HomeWork1.swift */ = {isa = PBXFileReference; lastKnownFileType = sourcecode.swift; path = HomeWork1.swift; sourceTree = "<group>"; };
		D9BA35992C2965CD0007F57B /* ReturnFunctions.swift */ = {isa = PBXFileReference; lastKnownFileType = sourcecode.swift; path = ReturnFunctions.swift; sourceTree = "<group>"; };
		D9BA359C2C2984B10007F57B /* SimpleOOP.swift */ = {isa = PBXFileReference; lastKnownFileType = sourcecode.swift; path = SimpleOOP.swift; sourceTree = "<group>"; };
		D9DDD7572C27374A00E511C9 /* SwiftLearning.app */ = {isa = PBXFileReference; explicitFileType = wrapper.application; includeInIndex = 0; path = SwiftLearning.app; sourceTree = BUILT_PRODUCTS_DIR; };
		D9DDD75A2C27374A00E511C9 /* iOSLearningApp.swift */ = {isa = PBXFileReference; lastKnownFileType = sourcecode.swift; path = iOSLearningApp.swift; sourceTree = "<group>"; };
		D9DDD75C2C27374A00E511C9 /* ContentView.swift */ = {isa = PBXFileReference; lastKnownFileType = sourcecode.swift; path = ContentView.swift; sourceTree = "<group>"; };
		D9DDD75E2C27374B00E511C9 /* Assets.xcassets */ = {isa = PBXFileReference; lastKnownFileType = folder.assetcatalog; path = Assets.xcassets; sourceTree = "<group>"; };
		D9DDD7612C27374B00E511C9 /* Preview Assets.xcassets */ = {isa = PBXFileReference; lastKnownFileType = folder.assetcatalog; path = "Preview Assets.xcassets"; sourceTree = "<group>"; };
		D9DDD76C2C2737FA00E511C9 /* SimpleFunctions.swift */ = {isa = PBXFileReference; lastKnownFileType = sourcecode.swift; path = SimpleFunctions.swift; sourceTree = "<group>"; };
		D9DDD76E2C273A7000E511C9 /* ParameterFunctions.swift */ = {isa = PBXFileReference; lastKnownFileType = sourcecode.swift; path = ParameterFunctions.swift; sourceTree = "<group>"; };
		D9F4DC172C3ADD2C00594DFE /* AlignmentExample.swift */ = {isa = PBXFileReference; lastKnownFileType = sourcecode.swift; path = AlignmentExample.swift; sourceTree = "<group>"; };
/* End PBXFileReference section */

/* Begin PBXFrameworksBuildPhase section */
		D9DDD7542C27374A00E511C9 /* Frameworks */ = {
			isa = PBXFrameworksBuildPhase;
			buildActionMask = 2147483647;
			files = (
			);
			runOnlyForDeploymentPostprocessing = 0;
		};
/* End PBXFrameworksBuildPhase section */

/* Begin PBXGroup section */
		D934ECC92C3AD3B400A00ED3 /* SwiftUIBasics */ = {
			isa = PBXGroup;
			children = (
				D934ECCA2C3AD3D200A00ED3 /* VStackExample.swift */,
				D934ECCC2C3AD78200A00ED3 /* HStackExample.swift */,
				D934ECCE2C3AD91700A00ED3 /* ZStackExample.swift */,
				D9F4DC172C3ADD2C00594DFE /* AlignmentExample.swift */,
				D9B720E62C3DC79A006C72EF /* SpacerExample.swift */,
				D9B720E82C3DCE9D006C72EF /* PaddingExample.swift */,
				D9B720EA2C3DCF87006C72EF /* FrameExample.swift */,
				D9B720EC2C3DE194006C72EF /* TextFieldExample.swift */,
				D9B720EE2C3DE4EE006C72EF /* HomeWork1.swift */,
				D94234AC2C3E9E4D007A8D6B /* CustomView.swift */,
				D94234AF2C4033A7007A8D6B /* SpacingExample.swift */,
				D94234B12C403EDC007A8D6B /* ImageExample.swift */,
				D94234B32C414EDC007A8D6B /* ButtonExample.swift */,
				D94234B72C4159C0007A8D6B /* StateExample.swift */,
				D94234BB2C4196B0007A8D6B /* ListExample.swift */,
			);
			path = SwiftUIBasics;
			sourceTree = "<group>";
		};
		D9747ED12C369395009D141C /* Array */ = {
			isa = PBXGroup;
			children = (
				D9747ED22C3693A5009D141C /* Array.swift */,
			);
			path = Array;
			sourceTree = "<group>";
		};
		D97D957E2C372076000C8003 /* Closure */ = {
			isa = PBXGroup;
			children = (
				D97D957F2C372089000C8003 /* Closure.swift */,
			);
			path = Closure;
			sourceTree = "<group>";
		};
		D97D95812C37228B000C8003 /* String */ = {
			isa = PBXGroup;
			children = (
				D97D95822C3722A2000C8003 /* StringView.swift */,
			);
			path = String;
			sourceTree = "<group>";
		};
		D97D95842C3728A7000C8003 /* Guard */ = {
			isa = PBXGroup;
			children = (
				D97D95852C3728B2000C8003 /* GuardExample.swift */,
			);
			path = Guard;
			sourceTree = "<group>";
		};
		D97D95872C372980000C8003 /* DoTryCatch */ = {
			isa = PBXGroup;
			children = (
				D97D95882C372993000C8003 /* DoTryCatch.swift */,
			);
			path = DoTryCatch;
			sourceTree = "<group>";
		};
		D986F7402C3559DF007200F4 /* BreakContinue */ = {
			isa = PBXGroup;
			children = (
				D986F7412C3559F8007200F4 /* BreakContinue.swift */,
			);
			path = BreakContinue;
			sourceTree = "<group>";
		};
		D986F7432C35612F007200F4 /* OptionalBindingIfLet */ = {
			isa = PBXGroup;
			children = (
				D986F7442C35615F007200F4 /* OptionalBindingIfLet.swift */,
			);
			path = OptionalBindingIfLet;
			sourceTree = "<group>";
		};
		D986F7462C3563CB007200F4 /* SetView */ = {
			isa = PBXGroup;
			children = (
				D986F7472C3563D6007200F4 /* SetView.swift */,
			);
			path = SetView;
			sourceTree = "<group>";
		};
		D986F7492C357379007200F4 /* Enum */ = {
			isa = PBXGroup;
			children = (
				D986F74A2C357386007200F4 /* EnumView.swift */,
			);
			path = Enum;
			sourceTree = "<group>";
		};
		D986F74C2C35AEFE007200F4 /* Variables */ = {
			isa = PBXGroup;
			children = (
				D986F74D2C35AF16007200F4 /* Variables.swift */,
			);
			path = Variables;
			sourceTree = "<group>";
		};
		D986F74F2C35B1E6007200F4 /* Print */ = {
			isa = PBXGroup;
			children = (
				D986F7502C35B1F5007200F4 /* PrintView.swift */,
			);
			path = Print;
			sourceTree = "<group>";
		};
		D986F7522C35B23C007200F4 /* Let */ = {
			isa = PBXGroup;
			children = (
				D986F7532C35B249007200F4 /* LetView.swift */,
			);
			path = Let;
			sourceTree = "<group>";
		};
		D986F7552C35BCE9007200F4 /* Comment */ = {
			isa = PBXGroup;
			children = (
				D986F7562C35BCF7007200F4 /* CommentView.swift */,
			);
			path = Comment;
			sourceTree = "<group>";
		};
		D986F7582C35BDB0007200F4 /* ArithmeticOperators */ = {
			isa = PBXGroup;
			children = (
				D986F7592C35BDC3007200F4 /* ArithmeticOperators.swift */,
			);
			path = ArithmeticOperators;
			sourceTree = "<group>";
		};
		D986F75B2C35BE9D007200F4 /* TypeCasting */ = {
			isa = PBXGroup;
			children = (
				D986F75C2C35BEA9007200F4 /* TypeCasting.swift */,
			);
			path = TypeCasting;
			sourceTree = "<group>";
		};
		D986F75E2C35BF3C007200F4 /* IfControllers */ = {
			isa = PBXGroup;
			children = (
				D986F75F2C35BF4F007200F4 /* IfControllers.swift */,
			);
			path = IfControllers;
			sourceTree = "<group>";
		};
		D986F7612C35BFC6007200F4 /* SwitchCase */ = {
			isa = PBXGroup;
			children = (
				D986F7622C35BFDF007200F4 /* SwitchCase.swift */,
			);
			path = SwitchCase;
			sourceTree = "<group>";
		};
		D986F7642C35C084007200F4 /* ForLoop */ = {
			isa = PBXGroup;
			children = (
				D986F7652C35C092007200F4 /* ForLoop.swift */,
			);
			path = ForLoop;
			sourceTree = "<group>";
		};
		D986F7672C35C118007200F4 /* WhileExample */ = {
			isa = PBXGroup;
			children = (
				D986F7682C35C126007200F4 /* WhileExample.swift */,
			);
			path = WhileExample;
			sourceTree = "<group>";
		};
		D99CA25C2C2ED1FA004D49AD /* Encapsulation */ = {
			isa = PBXGroup;
			children = (
				D99CA25D2C2ED223004D49AD /* Encapsulation.swift */,
			);
			path = Encapsulation;
			sourceTree = "<group>";
		};
		D99CA2612C2ED465004D49AD /* Inheritance */ = {
			isa = PBXGroup;
			children = (
				D99CA2642C2ED489004D49AD /* Inheritance.swift */,
			);
			path = Inheritance;
			sourceTree = "<group>";
		};
		D99CA26A2C2ED95D004D49AD /* Polymorphism */ = {
			isa = PBXGroup;
			children = (
				D99CA26B2C2ED976004D49AD /* Polymorphism.swift */,
			);
			path = Polymorphism;
			sourceTree = "<group>";
		};
		D99CA2712C2EE731004D49AD /* Abstraction */ = {
			isa = PBXGroup;
			children = (
				D99CA2722C2EE73B004D49AD /* Abstraction.swift */,
			);
			path = Abstraction;
			sourceTree = "<group>";
		};
		D99CA27C2C301809004D49AD /* DispatchQueue */ = {
			isa = PBXGroup;
			children = (
				D99CA27D2C30181F004D49AD /* DispatchQueueView.swift */,
			);
			path = DispatchQueue;
			sourceTree = "<group>";
		};
		D9BA359B2C29846B0007F57B /* ObjectOrientedProgramming */ = {
			isa = PBXGroup;
			children = (
				D99CA2712C2EE731004D49AD /* Abstraction */,
				D99CA26A2C2ED95D004D49AD /* Polymorphism */,
				D99CA2612C2ED465004D49AD /* Inheritance */,
				D99CA25C2C2ED1FA004D49AD /* Encapsulation */,
				D9EFCDEC2C2AFFA70008107B /* SimpleOOP */,
			);
			path = ObjectOrientedProgramming;
			sourceTree = "<group>";
		};
		D9DDD74E2C27374A00E511C9 = {
			isa = PBXGroup;
			children = (
				D94234BA2C415B79007A8D6B /* SwiftLearning-Info.plist */,
				D94234B92C415B5E007A8D6B /* SwiftLearning.entitlements */,
				D9DDD7592C27374A00E511C9 /* iOSLearning */,
				D9DDD7582C27374A00E511C9 /* Products */,
			);
			sourceTree = "<group>";
		};
		D9DDD7582C27374A00E511C9 /* Products */ = {
			isa = PBXGroup;
			children = (
				D9DDD7572C27374A00E511C9 /* SwiftLearning.app */,
			);
			name = Products;
			sourceTree = "<group>";
		};
		D9DDD7592C27374A00E511C9 /* iOSLearning */ = {
			isa = PBXGroup;
			children = (
				D934ECC92C3AD3B400A00ED3 /* SwiftUIBasics */,
				D9DDD7682C27375C00E511C9 /* SwiftBasics */,
				D9DDD75A2C27374A00E511C9 /* iOSLearningApp.swift */,
				D9DDD75C2C27374A00E511C9 /* ContentView.swift */,
				D9DDD75E2C27374B00E511C9 /* Assets.xcassets */,
				D9DDD7602C27374B00E511C9 /* Preview Content */,
			);
			path = iOSLearning;
			sourceTree = "<group>";
		};
		D9DDD7602C27374B00E511C9 /* Preview Content */ = {
			isa = PBXGroup;
			children = (
				D9DDD7612C27374B00E511C9 /* Preview Assets.xcassets */,
			);
			path = "Preview Content";
			sourceTree = "<group>";
		};
		D9DDD7682C27375C00E511C9 /* SwiftBasics */ = {
			isa = PBXGroup;
			children = (
				D986F7582C35BDB0007200F4 /* ArithmeticOperators */,
				D9747ED12C369395009D141C /* Array */,
				D986F7402C3559DF007200F4 /* BreakContinue */,
				D97D957E2C372076000C8003 /* Closure */,
				D986F7552C35BCE9007200F4 /* Comment */,
				D99CA27C2C301809004D49AD /* DispatchQueue */,
				D97D95872C372980000C8003 /* DoTryCatch */,
				D986F7492C357379007200F4 /* Enum */,
				D986F7642C35C084007200F4 /* ForLoop */,
				D9DDD7692C27376500E511C9 /* Functions */,
				D97D95842C3728A7000C8003 /* Guard */,
				D986F75E2C35BF3C007200F4 /* IfControllers */,
				D986F7522C35B23C007200F4 /* Let */,
				D9BA359B2C29846B0007F57B /* ObjectOrientedProgramming */,
				D986F7432C35612F007200F4 /* OptionalBindingIfLet */,
				D986F74F2C35B1E6007200F4 /* Print */,
				D986F7462C3563CB007200F4 /* SetView */,
				D97D95812C37228B000C8003 /* String */,
				D986F7612C35BFC6007200F4 /* SwitchCase */,
				D986F75B2C35BE9D007200F4 /* TypeCasting */,
				D986F74C2C35AEFE007200F4 /* Variables */,
				D986F7672C35C118007200F4 /* WhileExample */,
			);
			path = SwiftBasics;
			sourceTree = "<group>";
		};
		D9DDD7692C27376500E511C9 /* Functions */ = {
			isa = PBXGroup;
			children = (
				D9DDD76C2C2737FA00E511C9 /* SimpleFunctions.swift */,
				D9DDD76E2C273A7000E511C9 /* ParameterFunctions.swift */,
				D9BA35992C2965CD0007F57B /* ReturnFunctions.swift */,
			);
			path = Functions;
			sourceTree = "<group>";
		};
		D9EFCDEC2C2AFFA70008107B /* SimpleOOP */ = {
			isa = PBXGroup;
			children = (
				D9BA359C2C2984B10007F57B /* SimpleOOP.swift */,
			);
			path = SimpleOOP;
			sourceTree = "<group>";
		};
/* End PBXGroup section */

/* Begin PBXNativeTarget section */
		D9DDD7562C27374A00E511C9 /* SwiftLearning */ = {
			isa = PBXNativeTarget;
			buildConfigurationList = D9DDD7652C27374B00E511C9 /* Build configuration list for PBXNativeTarget "SwiftLearning" */;
			buildPhases = (
				D9DDD7532C27374A00E511C9 /* Sources */,
				D9DDD7542C27374A00E511C9 /* Frameworks */,
				D9DDD7552C27374A00E511C9 /* Resources */,
			);
			buildRules = (
			);
			dependencies = (
			);
			name = SwiftLearning;
			productName = SwiftLearning;
			productReference = D9DDD7572C27374A00E511C9 /* SwiftLearning.app */;
			productType = "com.apple.product-type.application";
		};
/* End PBXNativeTarget section */

/* Begin PBXProject section */
		D9DDD74F2C27374A00E511C9 /* Project object */ = {
			isa = PBXProject;
			attributes = {
				BuildIndependentTargetsInParallel = 1;
				LastSwiftUpdateCheck = 1540;
				LastUpgradeCheck = 1540;
				TargetAttributes = {
					D9DDD7562C27374A00E511C9 = {
						CreatedOnToolsVersion = 15.4;
					};
				};
			};
			buildConfigurationList = D9DDD7522C27374A00E511C9 /* Build configuration list for PBXProject "iOSLearning" */;
			compatibilityVersion = "Xcode 14.0";
			developmentRegion = en;
			hasScannedForEncodings = 0;
			knownRegions = (
				en,
				Base,
			);
			mainGroup = D9DDD74E2C27374A00E511C9;
			productRefGroup = D9DDD7582C27374A00E511C9 /* Products */;
			projectDirPath = "";
			projectRoot = "";
			targets = (
				D9DDD7562C27374A00E511C9 /* SwiftLearning */,
			);
		};
/* End PBXProject section */

/* Begin PBXResourcesBuildPhase section */
		D9DDD7552C27374A00E511C9 /* Resources */ = {
			isa = PBXResourcesBuildPhase;
			buildActionMask = 2147483647;
			files = (
				D9DDD7622C27374B00E511C9 /* Preview Assets.xcassets in Resources */,
				D9DDD75F2C27374B00E511C9 /* Assets.xcassets in Resources */,
			);
			runOnlyForDeploymentPostprocessing = 0;
		};
/* End PBXResourcesBuildPhase section */

/* Begin PBXSourcesBuildPhase section */
		D9DDD7532C27374A00E511C9 /* Sources */ = {
			isa = PBXSourcesBuildPhase;
			buildActionMask = 2147483647;
			files = (
				D94234B02C4033A7007A8D6B /* SpacingExample.swift in Sources */,
				D94234B42C414EDC007A8D6B /* ButtonExample.swift in Sources */,
				D9DDD75D2C27374A00E511C9 /* ContentView.swift in Sources */,
				D9DDD76F2C273A7000E511C9 /* ParameterFunctions.swift in Sources */,
				D94234BC2C4196B0007A8D6B /* ListExample.swift in Sources */,
				D986F74B2C357386007200F4 /* EnumView.swift in Sources */,
				D986F7482C3563D6007200F4 /* SetView.swift in Sources */,
				D99CA27E2C30181F004D49AD /* DispatchQueueView.swift in Sources */,
				D986F7632C35BFDF007200F4 /* SwitchCase.swift in Sources */,
				D986F7662C35C092007200F4 /* ForLoop.swift in Sources */,
				D99CA2652C2ED489004D49AD /* Inheritance.swift in Sources */,
				D99CA26C2C2ED976004D49AD /* Polymorphism.swift in Sources */,
				D934ECCB2C3AD3D200A00ED3 /* VStackExample.swift in Sources */,
				D9BA359D2C2984B10007F57B /* SimpleOOP.swift in Sources */,
				D99CA2732C2EE73B004D49AD /* Abstraction.swift in Sources */,
				D9F4DC182C3ADD2C00594DFE /* AlignmentExample.swift in Sources */,
				D9DDD76D2C2737FA00E511C9 /* SimpleFunctions.swift in Sources */,
				D986F7452C356160007200F4 /* OptionalBindingIfLet.swift in Sources */,
				D94234B22C403EDC007A8D6B /* ImageExample.swift in Sources */,
				D9B720EF2C3DE4EE006C72EF /* HomeWork1.swift in Sources */,
				D97D95862C3728B2000C8003 /* GuardExample.swift in Sources */,
				D986F75A2C35BDC3007200F4 /* ArithmeticOperators.swift in Sources */,
				D9747ED32C3693A5009D141C /* Array.swift in Sources */,
				D99CA25E2C2ED223004D49AD /* Encapsulation.swift in Sources */,
				D986F7572C35BCF7007200F4 /* CommentView.swift in Sources */,
				D94234B82C4159C0007A8D6B /* StateExample.swift in Sources */,
				D9B720E72C3DC79A006C72EF /* SpacerExample.swift in Sources */,
				D986F7692C35C126007200F4 /* WhileExample.swift in Sources */,
				D986F7542C35B249007200F4 /* LetView.swift in Sources */,
				D97D95832C3722A2000C8003 /* StringView.swift in Sources */,
				D94234AD2C3E9E4D007A8D6B /* CustomView.swift in Sources */,
				D9B720EB2C3DCF87006C72EF /* FrameExample.swift in Sources */,
				D97D95892C372993000C8003 /* DoTryCatch.swift in Sources */,
				D9B720E92C3DCE9D006C72EF /* PaddingExample.swift in Sources */,
				D9BA359A2C2965CD0007F57B /* ReturnFunctions.swift in Sources */,
				D934ECCD2C3AD78200A00ED3 /* HStackExample.swift in Sources */,
				D986F75D2C35BEA9007200F4 /* TypeCasting.swift in Sources */,
				D986F74E2C35AF16007200F4 /* Variables.swift in Sources */,
				D986F7512C35B1F5007200F4 /* PrintView.swift in Sources */,
				D934ECCF2C3AD91700A00ED3 /* ZStackExample.swift in Sources */,
				D986F7602C35BF4F007200F4 /* IfControllers.swift in Sources */,
				D97D95802C372089000C8003 /* Closure.swift in Sources */,
				D9B720ED2C3DE194006C72EF /* TextFieldExample.swift in Sources */,
				D986F7422C3559F8007200F4 /* BreakContinue.swift in Sources */,
				D9DDD75B2C27374A00E511C9 /* iOSLearningApp.swift in Sources */,
			);
			runOnlyForDeploymentPostprocessing = 0;
		};
/* End PBXSourcesBuildPhase section */

/* Begin XCBuildConfiguration section */
		D9DDD7632C27374B00E511C9 /* Debug */ = {
			isa = XCBuildConfiguration;
			buildSettings = {
				ALWAYS_SEARCH_USER_PATHS = NO;
				ASSETCATALOG_COMPILER_GENERATE_SWIFT_ASSET_SYMBOL_EXTENSIONS = YES;
				CLANG_ANALYZER_NONNULL = YES;
				CLANG_ANALYZER_NUMBER_OBJECT_CONVERSION = YES_AGGRESSIVE;
				CLANG_CXX_LANGUAGE_STANDARD = "gnu++20";
				CLANG_ENABLE_MODULES = YES;
				CLANG_ENABLE_OBJC_ARC = YES;
				CLANG_ENABLE_OBJC_WEAK = YES;
				CLANG_WARN_BLOCK_CAPTURE_AUTORELEASING = YES;
				CLANG_WARN_BOOL_CONVERSION = YES;
				CLANG_WARN_COMMA = YES;
				CLANG_WARN_CONSTANT_CONVERSION = YES;
				CLANG_WARN_DEPRECATED_OBJC_IMPLEMENTATIONS = YES;
				CLANG_WARN_DIRECT_OBJC_ISA_USAGE = YES_ERROR;
				CLANG_WARN_DOCUMENTATION_COMMENTS = YES;
				CLANG_WARN_EMPTY_BODY = YES;
				CLANG_WARN_ENUM_CONVERSION = YES;
				CLANG_WARN_INFINITE_RECURSION = YES;
				CLANG_WARN_INT_CONVERSION = YES;
				CLANG_WARN_NON_LITERAL_NULL_CONVERSION = YES;
				CLANG_WARN_OBJC_IMPLICIT_RETAIN_SELF = YES;
				CLANG_WARN_OBJC_LITERAL_CONVERSION = YES;
				CLANG_WARN_OBJC_ROOT_CLASS = YES_ERROR;
				CLANG_WARN_QUOTED_INCLUDE_IN_FRAMEWORK_HEADER = YES;
				CLANG_WARN_RANGE_LOOP_ANALYSIS = YES;
				CLANG_WARN_STRICT_PROTOTYPES = YES;
				CLANG_WARN_SUSPICIOUS_MOVE = YES;
				CLANG_WARN_UNGUARDED_AVAILABILITY = YES_AGGRESSIVE;
				CLANG_WARN_UNREACHABLE_CODE = YES;
				CLANG_WARN__DUPLICATE_METHOD_MATCH = YES;
				COPY_PHASE_STRIP = NO;
				DEBUG_INFORMATION_FORMAT = dwarf;
				ENABLE_STRICT_OBJC_MSGSEND = YES;
				ENABLE_TESTABILITY = YES;
				ENABLE_USER_SCRIPT_SANDBOXING = YES;
				GCC_C_LANGUAGE_STANDARD = gnu17;
				GCC_DYNAMIC_NO_PIC = NO;
				GCC_NO_COMMON_BLOCKS = YES;
				GCC_OPTIMIZATION_LEVEL = 0;
				GCC_PREPROCESSOR_DEFINITIONS = (
					"DEBUG=1",
					"$(inherited)",
				);
				GCC_WARN_64_TO_32_BIT_CONVERSION = YES;
				GCC_WARN_ABOUT_RETURN_TYPE = YES_ERROR;
				GCC_WARN_UNDECLARED_SELECTOR = YES;
				GCC_WARN_UNINITIALIZED_AUTOS = YES_AGGRESSIVE;
				GCC_WARN_UNUSED_FUNCTION = YES;
				GCC_WARN_UNUSED_VARIABLE = YES;
				IPHONEOS_DEPLOYMENT_TARGET = 17.5;
				LOCALIZATION_PREFERS_STRING_CATALOGS = YES;
				MTL_ENABLE_DEBUG_INFO = INCLUDE_SOURCE;
				MTL_FAST_MATH = YES;
				ONLY_ACTIVE_ARCH = YES;
				SDKROOT = iphoneos;
				SWIFT_ACTIVE_COMPILATION_CONDITIONS = "DEBUG $(inherited)";
				SWIFT_OPTIMIZATION_LEVEL = "-Onone";
			};
			name = Debug;
		};
		D9DDD7642C27374B00E511C9 /* Release */ = {
			isa = XCBuildConfiguration;
			buildSettings = {
				ALWAYS_SEARCH_USER_PATHS = NO;
				ASSETCATALOG_COMPILER_GENERATE_SWIFT_ASSET_SYMBOL_EXTENSIONS = YES;
				CLANG_ANALYZER_NONNULL = YES;
				CLANG_ANALYZER_NUMBER_OBJECT_CONVERSION = YES_AGGRESSIVE;
				CLANG_CXX_LANGUAGE_STANDARD = "gnu++20";
				CLANG_ENABLE_MODULES = YES;
				CLANG_ENABLE_OBJC_ARC = YES;
				CLANG_ENABLE_OBJC_WEAK = YES;
				CLANG_WARN_BLOCK_CAPTURE_AUTORELEASING = YES;
				CLANG_WARN_BOOL_CONVERSION = YES;
				CLANG_WARN_COMMA = YES;
				CLANG_WARN_CONSTANT_CONVERSION = YES;
				CLANG_WARN_DEPRECATED_OBJC_IMPLEMENTATIONS = YES;
				CLANG_WARN_DIRECT_OBJC_ISA_USAGE = YES_ERROR;
				CLANG_WARN_DOCUMENTATION_COMMENTS = YES;
				CLANG_WARN_EMPTY_BODY = YES;
				CLANG_WARN_ENUM_CONVERSION = YES;
				CLANG_WARN_INFINITE_RECURSION = YES;
				CLANG_WARN_INT_CONVERSION = YES;
				CLANG_WARN_NON_LITERAL_NULL_CONVERSION = YES;
				CLANG_WARN_OBJC_IMPLICIT_RETAIN_SELF = YES;
				CLANG_WARN_OBJC_LITERAL_CONVERSION = YES;
				CLANG_WARN_OBJC_ROOT_CLASS = YES_ERROR;
				CLANG_WARN_QUOTED_INCLUDE_IN_FRAMEWORK_HEADER = YES;
				CLANG_WARN_RANGE_LOOP_ANALYSIS = YES;
				CLANG_WARN_STRICT_PROTOTYPES = YES;
				CLANG_WARN_SUSPICIOUS_MOVE = YES;
				CLANG_WARN_UNGUARDED_AVAILABILITY = YES_AGGRESSIVE;
				CLANG_WARN_UNREACHABLE_CODE = YES;
				CLANG_WARN__DUPLICATE_METHOD_MATCH = YES;
				COPY_PHASE_STRIP = NO;
				DEBUG_INFORMATION_FORMAT = "dwarf-with-dsym";
				ENABLE_NS_ASSERTIONS = NO;
				ENABLE_STRICT_OBJC_MSGSEND = YES;
				ENABLE_USER_SCRIPT_SANDBOXING = YES;
				GCC_C_LANGUAGE_STANDARD = gnu17;
				GCC_NO_COMMON_BLOCKS = YES;
				GCC_WARN_64_TO_32_BIT_CONVERSION = YES;
				GCC_WARN_ABOUT_RETURN_TYPE = YES_ERROR;
				GCC_WARN_UNDECLARED_SELECTOR = YES;
				GCC_WARN_UNINITIALIZED_AUTOS = YES_AGGRESSIVE;
				GCC_WARN_UNUSED_FUNCTION = YES;
				GCC_WARN_UNUSED_VARIABLE = YES;
				IPHONEOS_DEPLOYMENT_TARGET = 17.5;
				LOCALIZATION_PREFERS_STRING_CATALOGS = YES;
				MTL_ENABLE_DEBUG_INFO = NO;
				MTL_FAST_MATH = YES;
				SDKROOT = iphoneos;
				SWIFT_COMPILATION_MODE = wholemodule;
				VALIDATE_PRODUCT = YES;
			};
			name = Release;
		};
		D9DDD7662C27374B00E511C9 /* Debug */ = {
			isa = XCBuildConfiguration;
			buildSettings = {
				ASSETCATALOG_COMPILER_APPICON_NAME = AppIcon;
				ASSETCATALOG_COMPILER_GLOBAL_ACCENT_COLOR_NAME = AccentColor;
				CODE_SIGN_ENTITLEMENTS = SwiftLearning.entitlements;
				CODE_SIGN_STYLE = Automatic;
				CURRENT_PROJECT_VERSION = 1;
				DEVELOPMENT_ASSET_PATHS = "\"iOSLearning/Preview Content\"";
				ENABLE_PREVIEWS = YES;
				GENERATE_INFOPLIST_FILE = YES;
				INFOPLIST_FILE = "SwiftLearning-Info.plist";
				INFOPLIST_KEY_UIApplicationSceneManifest_Generation = YES;
				INFOPLIST_KEY_UIApplicationSupportsIndirectInputEvents = YES;
				INFOPLIST_KEY_UILaunchScreen_Generation = YES;
				INFOPLIST_KEY_UISupportedInterfaceOrientations_iPad = "UIInterfaceOrientationPortrait UIInterfaceOrientationPortraitUpsideDown UIInterfaceOrientationLandscapeLeft UIInterfaceOrientationLandscapeRight";
				INFOPLIST_KEY_UISupportedInterfaceOrientations_iPhone = "UIInterfaceOrientationPortrait UIInterfaceOrientationLandscapeLeft UIInterfaceOrientationLandscapeRight";
				LD_RUNPATH_SEARCH_PATHS = (
					"$(inherited)",
					"@executable_path/Frameworks",
				);
				MARKETING_VERSION = 1.0;
				PRODUCT_BUNDLE_IDENTIFIER = com.erayhamurlu.iOSLearning;
				PRODUCT_NAME = "$(TARGET_NAME)";
				SUPPORTED_PLATFORMS = "iphoneos iphonesimulator";
				SUPPORTS_MACCATALYST = NO;
				SUPPORTS_MAC_DESIGNED_FOR_IPHONE_IPAD = NO;
				SUPPORTS_XR_DESIGNED_FOR_IPHONE_IPAD = NO;
				SWIFT_EMIT_LOC_STRINGS = YES;
				SWIFT_VERSION = 5.0;
				TARGETED_DEVICE_FAMILY = 1;
			};
			name = Debug;
		};
		D9DDD7672C27374B00E511C9 /* Release */ = {
			isa = XCBuildConfiguration;
			buildSettings = {
				ASSETCATALOG_COMPILER_APPICON_NAME = AppIcon;
				ASSETCATALOG_COMPILER_GLOBAL_ACCENT_COLOR_NAME = AccentColor;
				CODE_SIGN_ENTITLEMENTS = SwiftLearning.entitlements;
				CODE_SIGN_STYLE = Automatic;
				CURRENT_PROJECT_VERSION = 1;
				DEVELOPMENT_ASSET_PATHS = "\"iOSLearning/Preview Content\"";
				ENABLE_PREVIEWS = YES;
				GENERATE_INFOPLIST_FILE = YES;
				INFOPLIST_FILE = "SwiftLearning-Info.plist";
				INFOPLIST_KEY_UIApplicationSceneManifest_Generation = YES;
				INFOPLIST_KEY_UIApplicationSupportsIndirectInputEvents = YES;
				INFOPLIST_KEY_UILaunchScreen_Generation = YES;
				INFOPLIST_KEY_UISupportedInterfaceOrientations_iPad = "UIInterfaceOrientationPortrait UIInterfaceOrientationPortraitUpsideDown UIInterfaceOrientationLandscapeLeft UIInterfaceOrientationLandscapeRight";
				INFOPLIST_KEY_UISupportedInterfaceOrientations_iPhone = "UIInterfaceOrientationPortrait UIInterfaceOrientationLandscapeLeft UIInterfaceOrientationLandscapeRight";
				LD_RUNPATH_SEARCH_PATHS = (
					"$(inherited)",
					"@executable_path/Frameworks",
				);
				MARKETING_VERSION = 1.0;
				PRODUCT_BUNDLE_IDENTIFIER = com.erayhamurlu.iOSLearning;
				PRODUCT_NAME = "$(TARGET_NAME)";
				SUPPORTED_PLATFORMS = "iphoneos iphonesimulator";
				SUPPORTS_MACCATALYST = NO;
				SUPPORTS_MAC_DESIGNED_FOR_IPHONE_IPAD = NO;
				SUPPORTS_XR_DESIGNED_FOR_IPHONE_IPAD = NO;
				SWIFT_EMIT_LOC_STRINGS = YES;
				SWIFT_VERSION = 5.0;
				TARGETED_DEVICE_FAMILY = 1;
			};
			name = Release;
		};
/* End XCBuildConfiguration section */

/* Begin XCConfigurationList section */
		D9DDD7522C27374A00E511C9 /* Build configuration list for PBXProject "iOSLearning" */ = {
			isa = XCConfigurationList;
			buildConfigurations = (
				D9DDD7632C27374B00E511C9 /* Debug */,
				D9DDD7642C27374B00E511C9 /* Release */,
			);
			defaultConfigurationIsVisible = 0;
			defaultConfigurationName = Release;
		};
		D9DDD7652C27374B00E511C9 /* Build configuration list for PBXNativeTarget "SwiftLearning" */ = {
			isa = XCConfigurationList;
			buildConfigurations = (
				D9DDD7662C27374B00E511C9 /* Debug */,
				D9DDD7672C27374B00E511C9 /* Release */,
			);
			defaultConfigurationIsVisible = 0;
			defaultConfigurationName = Release;
		};
/* End XCConfigurationList section */
	};
	rootObject = D9DDD74F2C27374A00E511C9 /* Project object */;
}
