// !$*UTF8*$!
{
	archiveVersion = 1;
	classes = {
	};
	objectVersion = 56;
	objects = {

/* Begin PBXBuildFile section */
		D986F7422C3559F8007200F4 /* BreakContinue.swift in Sources */ = {isa = PBXBuildFile; fileRef = D986F7412C3559F8007200F4 /* BreakContinue.swift */; };
		D986F7452C356160007200F4 /* OptionalUnwrapping.swift in Sources */ = {isa = PBXBuildFile; fileRef = D986F7442C35615F007200F4 /* OptionalUnwrapping.swift */; };
		D986F7482C3563D6007200F4 /* SetView.swift in Sources */ = {isa = PBXBuildFile; fileRef = D986F7472C3563D6007200F4 /* SetView.swift */; };
		D986F74B2C357386007200F4 /* EnumView.swift in Sources */ = {isa = PBXBuildFile; fileRef = D986F74A2C357386007200F4 /* EnumView.swift */; };
		D986F74E2C35AF16007200F4 /* Variables.swift in Sources */ = {isa = PBXBuildFile; fileRef = D986F74D2C35AF16007200F4 /* Variables.swift */; };
		D99CA25E2C2ED223004D49AD /* Encapsulation.swift in Sources */ = {isa = PBXBuildFile; fileRef = D99CA25D2C2ED223004D49AD /* Encapsulation.swift */; };
		D99CA2602C2ED231004D49AD /* BankAccount.swift in Sources */ = {isa = PBXBuildFile; fileRef = D99CA25F2C2ED231004D49AD /* BankAccount.swift */; };
		D99CA2652C2ED489004D49AD /* Inheritance.swift in Sources */ = {isa = PBXBuildFile; fileRef = D99CA2642C2ED489004D49AD /* Inheritance.swift */; };
		D99CA2672C2ED49B004D49AD /* Car.swift in Sources */ = {isa = PBXBuildFile; fileRef = D99CA2662C2ED49B004D49AD /* Car.swift */; };
		D99CA2692C2ED4AD004D49AD /* MercedesCoupe.swift in Sources */ = {isa = PBXBuildFile; fileRef = D99CA2682C2ED4AD004D49AD /* MercedesCoupe.swift */; };
		D99CA26C2C2ED976004D49AD /* Polymorphism.swift in Sources */ = {isa = PBXBuildFile; fileRef = D99CA26B2C2ED976004D49AD /* Polymorphism.swift */; };
		D99CA26E2C2EDCCE004D49AD /* Animal.swift in Sources */ = {isa = PBXBuildFile; fileRef = D99CA26D2C2EDCCE004D49AD /* Animal.swift */; };
		D99CA2702C2EDCDC004D49AD /* Dog.swift in Sources */ = {isa = PBXBuildFile; fileRef = D99CA26F2C2EDCDC004D49AD /* Dog.swift */; };
		D99CA2732C2EE73B004D49AD /* Abstraction.swift in Sources */ = {isa = PBXBuildFile; fileRef = D99CA2722C2EE73B004D49AD /* Abstraction.swift */; };
		D99CA2752C2EE752004D49AD /* BankAccountProtocol.swift in Sources */ = {isa = PBXBuildFile; fileRef = D99CA2742C2EE752004D49AD /* BankAccountProtocol.swift */; };
		D99CA2772C2EE79E004D49AD /* StandartBankAccount.swift in Sources */ = {isa = PBXBuildFile; fileRef = D99CA2762C2EE79E004D49AD /* StandartBankAccount.swift */; };
		D99CA2792C2EF2E4004D49AD /* Cat.swift in Sources */ = {isa = PBXBuildFile; fileRef = D99CA2782C2EF2E4004D49AD /* Cat.swift */; };
		D99CA27B2C2EF4E5004D49AD /* InvestingBankAccount.swift in Sources */ = {isa = PBXBuildFile; fileRef = D99CA27A2C2EF4E5004D49AD /* InvestingBankAccount.swift */; };
		D99CA27E2C30181F004D49AD /* DispatchQueueView.swift in Sources */ = {isa = PBXBuildFile; fileRef = D99CA27D2C30181F004D49AD /* DispatchQueueView.swift */; };
		D99CA2802C302276004D49AD /* Post.swift in Sources */ = {isa = PBXBuildFile; fileRef = D99CA27F2C302276004D49AD /* Post.swift */; };
		D9BA359A2C2965CD0007F57B /* FunctionsWithForEach.swift in Sources */ = {isa = PBXBuildFile; fileRef = D9BA35992C2965CD0007F57B /* FunctionsWithForEach.swift */; };
		D9BA359D2C2984B10007F57B /* SimpleOOP.swift in Sources */ = {isa = PBXBuildFile; fileRef = D9BA359C2C2984B10007F57B /* SimpleOOP.swift */; };
		D9BA359F2C2988AF0007F57B /* Student.swift in Sources */ = {isa = PBXBuildFile; fileRef = D9BA359E2C2988AF0007F57B /* Student.swift */; };
		D9DDD75B2C27374A00E511C9 /* SwiftLearningApp.swift in Sources */ = {isa = PBXBuildFile; fileRef = D9DDD75A2C27374A00E511C9 /* SwiftLearningApp.swift */; };
		D9DDD75D2C27374A00E511C9 /* ContentView.swift in Sources */ = {isa = PBXBuildFile; fileRef = D9DDD75C2C27374A00E511C9 /* ContentView.swift */; };
		D9DDD75F2C27374B00E511C9 /* Assets.xcassets in Resources */ = {isa = PBXBuildFile; fileRef = D9DDD75E2C27374B00E511C9 /* Assets.xcassets */; };
		D9DDD7622C27374B00E511C9 /* Preview Assets.xcassets in Resources */ = {isa = PBXBuildFile; fileRef = D9DDD7612C27374B00E511C9 /* Preview Assets.xcassets */; };
		D9DDD76D2C2737FA00E511C9 /* SimpleFunctions.swift in Sources */ = {isa = PBXBuildFile; fileRef = D9DDD76C2C2737FA00E511C9 /* SimpleFunctions.swift */; };
		D9DDD76F2C273A7000E511C9 /* FunctionsWithParameters.swift in Sources */ = {isa = PBXBuildFile; fileRef = D9DDD76E2C273A7000E511C9 /* FunctionsWithParameters.swift */; };
/* End PBXBuildFile section */

/* Begin PBXFileReference section */
		D986F7412C3559F8007200F4 /* BreakContinue.swift */ = {isa = PBXFileReference; lastKnownFileType = sourcecode.swift; path = BreakContinue.swift; sourceTree = "<group>"; };
		D986F7442C35615F007200F4 /* OptionalUnwrapping.swift */ = {isa = PBXFileReference; lastKnownFileType = sourcecode.swift; path = OptionalUnwrapping.swift; sourceTree = "<group>"; };
		D986F7472C3563D6007200F4 /* SetView.swift */ = {isa = PBXFileReference; lastKnownFileType = sourcecode.swift; path = SetView.swift; sourceTree = "<group>"; };
		D986F74A2C357386007200F4 /* EnumView.swift */ = {isa = PBXFileReference; lastKnownFileType = sourcecode.swift; path = EnumView.swift; sourceTree = "<group>"; };
		D986F74D2C35AF16007200F4 /* Variables.swift */ = {isa = PBXFileReference; lastKnownFileType = sourcecode.swift; path = Variables.swift; sourceTree = "<group>"; };
		D99CA25D2C2ED223004D49AD /* Encapsulation.swift */ = {isa = PBXFileReference; lastKnownFileType = sourcecode.swift; path = Encapsulation.swift; sourceTree = "<group>"; };
		D99CA25F2C2ED231004D49AD /* BankAccount.swift */ = {isa = PBXFileReference; lastKnownFileType = sourcecode.swift; path = BankAccount.swift; sourceTree = "<group>"; };
		D99CA2642C2ED489004D49AD /* Inheritance.swift */ = {isa = PBXFileReference; lastKnownFileType = sourcecode.swift; path = Inheritance.swift; sourceTree = "<group>"; };
		D99CA2662C2ED49B004D49AD /* Car.swift */ = {isa = PBXFileReference; lastKnownFileType = sourcecode.swift; path = Car.swift; sourceTree = "<group>"; };
		D99CA2682C2ED4AD004D49AD /* MercedesCoupe.swift */ = {isa = PBXFileReference; lastKnownFileType = sourcecode.swift; path = MercedesCoupe.swift; sourceTree = "<group>"; };
		D99CA26B2C2ED976004D49AD /* Polymorphism.swift */ = {isa = PBXFileReference; lastKnownFileType = sourcecode.swift; path = Polymorphism.swift; sourceTree = "<group>"; };
		D99CA26D2C2EDCCE004D49AD /* Animal.swift */ = {isa = PBXFileReference; lastKnownFileType = sourcecode.swift; path = Animal.swift; sourceTree = "<group>"; };
		D99CA26F2C2EDCDC004D49AD /* Dog.swift */ = {isa = PBXFileReference; lastKnownFileType = sourcecode.swift; path = Dog.swift; sourceTree = "<group>"; };
		D99CA2722C2EE73B004D49AD /* Abstraction.swift */ = {isa = PBXFileReference; lastKnownFileType = sourcecode.swift; path = Abstraction.swift; sourceTree = "<group>"; };
		D99CA2742C2EE752004D49AD /* BankAccountProtocol.swift */ = {isa = PBXFileReference; lastKnownFileType = sourcecode.swift; path = BankAccountProtocol.swift; sourceTree = "<group>"; };
		D99CA2762C2EE79E004D49AD /* StandartBankAccount.swift */ = {isa = PBXFileReference; lastKnownFileType = sourcecode.swift; path = StandartBankAccount.swift; sourceTree = "<group>"; };
		D99CA2782C2EF2E4004D49AD /* Cat.swift */ = {isa = PBXFileReference; lastKnownFileType = sourcecode.swift; path = Cat.swift; sourceTree = "<group>"; };
		D99CA27A2C2EF4E5004D49AD /* InvestingBankAccount.swift */ = {isa = PBXFileReference; lastKnownFileType = sourcecode.swift; path = InvestingBankAccount.swift; sourceTree = "<group>"; };
		D99CA27D2C30181F004D49AD /* DispatchQueueView.swift */ = {isa = PBXFileReference; lastKnownFileType = sourcecode.swift; path = DispatchQueueView.swift; sourceTree = "<group>"; };
		D99CA27F2C302276004D49AD /* Post.swift */ = {isa = PBXFileReference; lastKnownFileType = sourcecode.swift; path = Post.swift; sourceTree = "<group>"; };
		D9BA35992C2965CD0007F57B /* FunctionsWithForEach.swift */ = {isa = PBXFileReference; lastKnownFileType = sourcecode.swift; path = FunctionsWithForEach.swift; sourceTree = "<group>"; };
		D9BA359C2C2984B10007F57B /* SimpleOOP.swift */ = {isa = PBXFileReference; lastKnownFileType = sourcecode.swift; path = SimpleOOP.swift; sourceTree = "<group>"; };
		D9BA359E2C2988AF0007F57B /* Student.swift */ = {isa = PBXFileReference; lastKnownFileType = sourcecode.swift; path = Student.swift; sourceTree = "<group>"; };
		D9DDD7572C27374A00E511C9 /* SwiftLearning.app */ = {isa = PBXFileReference; explicitFileType = wrapper.application; includeInIndex = 0; path = SwiftLearning.app; sourceTree = BUILT_PRODUCTS_DIR; };
		D9DDD75A2C27374A00E511C9 /* SwiftLearningApp.swift */ = {isa = PBXFileReference; lastKnownFileType = sourcecode.swift; path = SwiftLearningApp.swift; sourceTree = "<group>"; };
		D9DDD75C2C27374A00E511C9 /* ContentView.swift */ = {isa = PBXFileReference; lastKnownFileType = sourcecode.swift; path = ContentView.swift; sourceTree = "<group>"; };
		D9DDD75E2C27374B00E511C9 /* Assets.xcassets */ = {isa = PBXFileReference; lastKnownFileType = folder.assetcatalog; path = Assets.xcassets; sourceTree = "<group>"; };
		D9DDD7612C27374B00E511C9 /* Preview Assets.xcassets */ = {isa = PBXFileReference; lastKnownFileType = folder.assetcatalog; path = "Preview Assets.xcassets"; sourceTree = "<group>"; };
		D9DDD76C2C2737FA00E511C9 /* SimpleFunctions.swift */ = {isa = PBXFileReference; lastKnownFileType = sourcecode.swift; path = SimpleFunctions.swift; sourceTree = "<group>"; };
		D9DDD76E2C273A7000E511C9 /* FunctionsWithParameters.swift */ = {isa = PBXFileReference; lastKnownFileType = sourcecode.swift; path = FunctionsWithParameters.swift; sourceTree = "<group>"; };
/* End PBXFileReference section */

/* Begin PBXFrameworksBuildPhase section */
		D9DDD7542C27374A00E511C9 /* Frameworks */ = {
			isa = PBXFrameworksBuildPhase;
			buildActionMask = 2147483647;
			files = (
			);
			runOnlyForDeploymentPostprocessing = 0;
		};
/* End PBXFrameworksBuildPhase section */

/* Begin PBXGroup section */
		D986F7402C3559DF007200F4 /* BreakContinue */ = {
			isa = PBXGroup;
			children = (
				D986F7412C3559F8007200F4 /* BreakContinue.swift */,
			);
			path = BreakContinue;
			sourceTree = "<group>";
		};
		D986F7432C35612F007200F4 /* Optional */ = {
			isa = PBXGroup;
			children = (
				D986F7442C35615F007200F4 /* OptionalUnwrapping.swift */,
			);
			path = Optional;
			sourceTree = "<group>";
		};
		D986F7462C3563CB007200F4 /* SetView */ = {
			isa = PBXGroup;
			children = (
				D986F7472C3563D6007200F4 /* SetView.swift */,
			);
			path = SetView;
			sourceTree = "<group>";
		};
		D986F7492C357379007200F4 /* Enum */ = {
			isa = PBXGroup;
			children = (
				D986F74A2C357386007200F4 /* EnumView.swift */,
			);
			path = Enum;
			sourceTree = "<group>";
		};
		D986F74C2C35AEFE007200F4 /* Variables */ = {
			isa = PBXGroup;
			children = (
				D986F74D2C35AF16007200F4 /* Variables.swift */,
			);
			path = Variables;
			sourceTree = "<group>";
		};
		D99CA25C2C2ED1FA004D49AD /* Encapsulation */ = {
			isa = PBXGroup;
			children = (
				D99CA25D2C2ED223004D49AD /* Encapsulation.swift */,
				D99CA25F2C2ED231004D49AD /* BankAccount.swift */,
			);
			path = Encapsulation;
			sourceTree = "<group>";
		};
		D99CA2612C2ED465004D49AD /* Inheritance */ = {
			isa = PBXGroup;
			children = (
				D99CA2642C2ED489004D49AD /* Inheritance.swift */,
				D99CA2662C2ED49B004D49AD /* Car.swift */,
				D99CA2682C2ED4AD004D49AD /* MercedesCoupe.swift */,
			);
			path = Inheritance;
			sourceTree = "<group>";
		};
		D99CA26A2C2ED95D004D49AD /* Polymorphism */ = {
			isa = PBXGroup;
			children = (
				D99CA26B2C2ED976004D49AD /* Polymorphism.swift */,
				D99CA26D2C2EDCCE004D49AD /* Animal.swift */,
				D99CA26F2C2EDCDC004D49AD /* Dog.swift */,
				D99CA2782C2EF2E4004D49AD /* Cat.swift */,
			);
			path = Polymorphism;
			sourceTree = "<group>";
		};
		D99CA2712C2EE731004D49AD /* Abstraction */ = {
			isa = PBXGroup;
			children = (
				D99CA2722C2EE73B004D49AD /* Abstraction.swift */,
				D99CA2742C2EE752004D49AD /* BankAccountProtocol.swift */,
				D99CA2762C2EE79E004D49AD /* StandartBankAccount.swift */,
				D99CA27A2C2EF4E5004D49AD /* InvestingBankAccount.swift */,
			);
			path = Abstraction;
			sourceTree = "<group>";
		};
		D99CA27C2C301809004D49AD /* DispatchQueue */ = {
			isa = PBXGroup;
			children = (
				D99CA27D2C30181F004D49AD /* DispatchQueueView.swift */,
				D99CA27F2C302276004D49AD /* Post.swift */,
			);
			path = DispatchQueue;
			sourceTree = "<group>";
		};
		D9BA359B2C29846B0007F57B /* ObjectOrientedProgramming */ = {
			isa = PBXGroup;
			children = (
				D99CA2712C2EE731004D49AD /* Abstraction */,
				D99CA26A2C2ED95D004D49AD /* Polymorphism */,
				D99CA2612C2ED465004D49AD /* Inheritance */,
				D99CA25C2C2ED1FA004D49AD /* Encapsulation */,
				D9EFCDEC2C2AFFA70008107B /* SimpleOOP */,
			);
			path = ObjectOrientedProgramming;
			sourceTree = "<group>";
		};
		D9DDD74E2C27374A00E511C9 = {
			isa = PBXGroup;
			children = (
				D9DDD7592C27374A00E511C9 /* SwiftLearning */,
				D9DDD7582C27374A00E511C9 /* Products */,
			);
			sourceTree = "<group>";
		};
		D9DDD7582C27374A00E511C9 /* Products */ = {
			isa = PBXGroup;
			children = (
				D9DDD7572C27374A00E511C9 /* SwiftLearning.app */,
			);
			name = Products;
			sourceTree = "<group>";
		};
		D9DDD7592C27374A00E511C9 /* SwiftLearning */ = {
			isa = PBXGroup;
			children = (
				D9DDD7682C27375C00E511C9 /* SwiftBasics */,
				D9DDD75A2C27374A00E511C9 /* SwiftLearningApp.swift */,
				D9DDD75C2C27374A00E511C9 /* ContentView.swift */,
				D9DDD75E2C27374B00E511C9 /* Assets.xcassets */,
				D9DDD7602C27374B00E511C9 /* Preview Content */,
			);
			path = SwiftLearning;
			sourceTree = "<group>";
		};
		D9DDD7602C27374B00E511C9 /* Preview Content */ = {
			isa = PBXGroup;
			children = (
				D9DDD7612C27374B00E511C9 /* Preview Assets.xcassets */,
			);
			path = "Preview Content";
			sourceTree = "<group>";
		};
		D9DDD7682C27375C00E511C9 /* SwiftBasics */ = {
			isa = PBXGroup;
			children = (
				D986F74C2C35AEFE007200F4 /* Variables */,
				D986F7492C357379007200F4 /* Enum */,
				D986F7462C3563CB007200F4 /* SetView */,
				D986F7432C35612F007200F4 /* Optional */,
				D986F7402C3559DF007200F4 /* BreakContinue */,
				D99CA27C2C301809004D49AD /* DispatchQueue */,
				D9BA359B2C29846B0007F57B /* ObjectOrientedProgramming */,
				D9DDD7692C27376500E511C9 /* Functions */,
			);
			path = SwiftBasics;
			sourceTree = "<group>";
		};
		D9DDD7692C27376500E511C9 /* Functions */ = {
			isa = PBXGroup;
			children = (
				D9DDD76C2C2737FA00E511C9 /* SimpleFunctions.swift */,
				D9DDD76E2C273A7000E511C9 /* FunctionsWithParameters.swift */,
				D9BA35992C2965CD0007F57B /* FunctionsWithForEach.swift */,
			);
			path = Functions;
			sourceTree = "<group>";
		};
		D9EFCDEC2C2AFFA70008107B /* SimpleOOP */ = {
			isa = PBXGroup;
			children = (
				D9BA359C2C2984B10007F57B /* SimpleOOP.swift */,
				D9BA359E2C2988AF0007F57B /* Student.swift */,
			);
			path = SimpleOOP;
			sourceTree = "<group>";
		};
/* End PBXGroup section */

/* Begin PBXNativeTarget section */
		D9DDD7562C27374A00E511C9 /* SwiftLearning */ = {
			isa = PBXNativeTarget;
			buildConfigurationList = D9DDD7652C27374B00E511C9 /* Build configuration list for PBXNativeTarget "SwiftLearning" */;
			buildPhases = (
				D9DDD7532C27374A00E511C9 /* Sources */,
				D9DDD7542C27374A00E511C9 /* Frameworks */,
				D9DDD7552C27374A00E511C9 /* Resources */,
			);
			buildRules = (
			);
			dependencies = (
			);
			name = SwiftLearning;
			productName = SwiftLearning;
			productReference = D9DDD7572C27374A00E511C9 /* SwiftLearning.app */;
			productType = "com.apple.product-type.application";
		};
/* End PBXNativeTarget section */

/* Begin PBXProject section */
		D9DDD74F2C27374A00E511C9 /* Project object */ = {
			isa = PBXProject;
			attributes = {
				BuildIndependentTargetsInParallel = 1;
				LastSwiftUpdateCheck = 1540;
				LastUpgradeCheck = 1540;
				TargetAttributes = {
					D9DDD7562C27374A00E511C9 = {
						CreatedOnToolsVersion = 15.4;
					};
				};
			};
			buildConfigurationList = D9DDD7522C27374A00E511C9 /* Build configuration list for PBXProject "SwiftLearning" */;
			compatibilityVersion = "Xcode 14.0";
			developmentRegion = en;
			hasScannedForEncodings = 0;
			knownRegions = (
				en,
				Base,
			);
			mainGroup = D9DDD74E2C27374A00E511C9;
			productRefGroup = D9DDD7582C27374A00E511C9 /* Products */;
			projectDirPath = "";
			projectRoot = "";
			targets = (
				D9DDD7562C27374A00E511C9 /* SwiftLearning */,
			);
		};
/* End PBXProject section */

/* Begin PBXResourcesBuildPhase section */
		D9DDD7552C27374A00E511C9 /* Resources */ = {
			isa = PBXResourcesBuildPhase;
			buildActionMask = 2147483647;
			files = (
				D9DDD7622C27374B00E511C9 /* Preview Assets.xcassets in Resources */,
				D9DDD75F2C27374B00E511C9 /* Assets.xcassets in Resources */,
			);
			runOnlyForDeploymentPostprocessing = 0;
		};
/* End PBXResourcesBuildPhase section */

/* Begin PBXSourcesBuildPhase section */
		D9DDD7532C27374A00E511C9 /* Sources */ = {
			isa = PBXSourcesBuildPhase;
			buildActionMask = 2147483647;
			files = (
				D9DDD75D2C27374A00E511C9 /* ContentView.swift in Sources */,
				D99CA2802C302276004D49AD /* Post.swift in Sources */,
				D9DDD76F2C273A7000E511C9 /* FunctionsWithParameters.swift in Sources */,
				D99CA2692C2ED4AD004D49AD /* MercedesCoupe.swift in Sources */,
				D99CA2772C2EE79E004D49AD /* StandartBankAccount.swift in Sources */,
				D986F74B2C357386007200F4 /* EnumView.swift in Sources */,
				D986F7482C3563D6007200F4 /* SetView.swift in Sources */,
				D99CA2752C2EE752004D49AD /* BankAccountProtocol.swift in Sources */,
				D99CA27E2C30181F004D49AD /* DispatchQueueView.swift in Sources */,
				D99CA2652C2ED489004D49AD /* Inheritance.swift in Sources */,
				D99CA26C2C2ED976004D49AD /* Polymorphism.swift in Sources */,
				D9BA359D2C2984B10007F57B /* SimpleOOP.swift in Sources */,
				D99CA2732C2EE73B004D49AD /* Abstraction.swift in Sources */,
				D9DDD76D2C2737FA00E511C9 /* SimpleFunctions.swift in Sources */,
				D986F7452C356160007200F4 /* OptionalUnwrapping.swift in Sources */,
				D99CA2602C2ED231004D49AD /* BankAccount.swift in Sources */,
				D99CA2702C2EDCDC004D49AD /* Dog.swift in Sources */,
				D99CA25E2C2ED223004D49AD /* Encapsulation.swift in Sources */,
				D99CA27B2C2EF4E5004D49AD /* InvestingBankAccount.swift in Sources */,
				D9BA359A2C2965CD0007F57B /* FunctionsWithForEach.swift in Sources */,
				D99CA2672C2ED49B004D49AD /* Car.swift in Sources */,
				D986F74E2C35AF16007200F4 /* Variables.swift in Sources */,
				D99CA26E2C2EDCCE004D49AD /* Animal.swift in Sources */,
				D99CA2792C2EF2E4004D49AD /* Cat.swift in Sources */,
				D9BA359F2C2988AF0007F57B /* Student.swift in Sources */,
				D986F7422C3559F8007200F4 /* BreakContinue.swift in Sources */,
				D9DDD75B2C27374A00E511C9 /* SwiftLearningApp.swift in Sources */,
			);
			runOnlyForDeploymentPostprocessing = 0;
		};
/* End PBXSourcesBuildPhase section */

/* Begin XCBuildConfiguration section */
		D9DDD7632C27374B00E511C9 /* Debug */ = {
			isa = XCBuildConfiguration;
			buildSettings = {
				ALWAYS_SEARCH_USER_PATHS = NO;
				ASSETCATALOG_COMPILER_GENERATE_SWIFT_ASSET_SYMBOL_EXTENSIONS = YES;
				CLANG_ANALYZER_NONNULL = YES;
				CLANG_ANALYZER_NUMBER_OBJECT_CONVERSION = YES_AGGRESSIVE;
				CLANG_CXX_LANGUAGE_STANDARD = "gnu++20";
				CLANG_ENABLE_MODULES = YES;
				CLANG_ENABLE_OBJC_ARC = YES;
				CLANG_ENABLE_OBJC_WEAK = YES;
				CLANG_WARN_BLOCK_CAPTURE_AUTORELEASING = YES;
				CLANG_WARN_BOOL_CONVERSION = YES;
				CLANG_WARN_COMMA = YES;
				CLANG_WARN_CONSTANT_CONVERSION = YES;
				CLANG_WARN_DEPRECATED_OBJC_IMPLEMENTATIONS = YES;
				CLANG_WARN_DIRECT_OBJC_ISA_USAGE = YES_ERROR;
				CLANG_WARN_DOCUMENTATION_COMMENTS = YES;
				CLANG_WARN_EMPTY_BODY = YES;
				CLANG_WARN_ENUM_CONVERSION = YES;
				CLANG_WARN_INFINITE_RECURSION = YES;
				CLANG_WARN_INT_CONVERSION = YES;
				CLANG_WARN_NON_LITERAL_NULL_CONVERSION = YES;
				CLANG_WARN_OBJC_IMPLICIT_RETAIN_SELF = YES;
				CLANG_WARN_OBJC_LITERAL_CONVERSION = YES;
				CLANG_WARN_OBJC_ROOT_CLASS = YES_ERROR;
				CLANG_WARN_QUOTED_INCLUDE_IN_FRAMEWORK_HEADER = YES;
				CLANG_WARN_RANGE_LOOP_ANALYSIS = YES;
				CLANG_WARN_STRICT_PROTOTYPES = YES;
				CLANG_WARN_SUSPICIOUS_MOVE = YES;
				CLANG_WARN_UNGUARDED_AVAILABILITY = YES_AGGRESSIVE;
				CLANG_WARN_UNREACHABLE_CODE = YES;
				CLANG_WARN__DUPLICATE_METHOD_MATCH = YES;
				COPY_PHASE_STRIP = NO;
				DEBUG_INFORMATION_FORMAT = dwarf;
				ENABLE_STRICT_OBJC_MSGSEND = YES;
				ENABLE_TESTABILITY = YES;
				ENABLE_USER_SCRIPT_SANDBOXING = YES;
				GCC_C_LANGUAGE_STANDARD = gnu17;
				GCC_DYNAMIC_NO_PIC = NO;
				GCC_NO_COMMON_BLOCKS = YES;
				GCC_OPTIMIZATION_LEVEL = 0;
				GCC_PREPROCESSOR_DEFINITIONS = (
					"DEBUG=1",
					"$(inherited)",
				);
				GCC_WARN_64_TO_32_BIT_CONVERSION = YES;
				GCC_WARN_ABOUT_RETURN_TYPE = YES_ERROR;
				GCC_WARN_UNDECLARED_SELECTOR = YES;
				GCC_WARN_UNINITIALIZED_AUTOS = YES_AGGRESSIVE;
				GCC_WARN_UNUSED_FUNCTION = YES;
				GCC_WARN_UNUSED_VARIABLE = YES;
				IPHONEOS_DEPLOYMENT_TARGET = 17.5;
				LOCALIZATION_PREFERS_STRING_CATALOGS = YES;
				MTL_ENABLE_DEBUG_INFO = INCLUDE_SOURCE;
				MTL_FAST_MATH = YES;
				ONLY_ACTIVE_ARCH = YES;
				SDKROOT = iphoneos;
				SWIFT_ACTIVE_COMPILATION_CONDITIONS = "DEBUG $(inherited)";
				SWIFT_OPTIMIZATION_LEVEL = "-Onone";
			};
			name = Debug;
		};
		D9DDD7642C27374B00E511C9 /* Release */ = {
			isa = XCBuildConfiguration;
			buildSettings = {
				ALWAYS_SEARCH_USER_PATHS = NO;
				ASSETCATALOG_COMPILER_GENERATE_SWIFT_ASSET_SYMBOL_EXTENSIONS = YES;
				CLANG_ANALYZER_NONNULL = YES;
				CLANG_ANALYZER_NUMBER_OBJECT_CONVERSION = YES_AGGRESSIVE;
				CLANG_CXX_LANGUAGE_STANDARD = "gnu++20";
				CLANG_ENABLE_MODULES = YES;
				CLANG_ENABLE_OBJC_ARC = YES;
				CLANG_ENABLE_OBJC_WEAK = YES;
				CLANG_WARN_BLOCK_CAPTURE_AUTORELEASING = YES;
				CLANG_WARN_BOOL_CONVERSION = YES;
				CLANG_WARN_COMMA = YES;
				CLANG_WARN_CONSTANT_CONVERSION = YES;
				CLANG_WARN_DEPRECATED_OBJC_IMPLEMENTATIONS = YES;
				CLANG_WARN_DIRECT_OBJC_ISA_USAGE = YES_ERROR;
				CLANG_WARN_DOCUMENTATION_COMMENTS = YES;
				CLANG_WARN_EMPTY_BODY = YES;
				CLANG_WARN_ENUM_CONVERSION = YES;
				CLANG_WARN_INFINITE_RECURSION = YES;
				CLANG_WARN_INT_CONVERSION = YES;
				CLANG_WARN_NON_LITERAL_NULL_CONVERSION = YES;
				CLANG_WARN_OBJC_IMPLICIT_RETAIN_SELF = YES;
				CLANG_WARN_OBJC_LITERAL_CONVERSION = YES;
				CLANG_WARN_OBJC_ROOT_CLASS = YES_ERROR;
				CLANG_WARN_QUOTED_INCLUDE_IN_FRAMEWORK_HEADER = YES;
				CLANG_WARN_RANGE_LOOP_ANALYSIS = YES;
				CLANG_WARN_STRICT_PROTOTYPES = YES;
				CLANG_WARN_SUSPICIOUS_MOVE = YES;
				CLANG_WARN_UNGUARDED_AVAILABILITY = YES_AGGRESSIVE;
				CLANG_WARN_UNREACHABLE_CODE = YES;
				CLANG_WARN__DUPLICATE_METHOD_MATCH = YES;
				COPY_PHASE_STRIP = NO;
				DEBUG_INFORMATION_FORMAT = "dwarf-with-dsym";
				ENABLE_NS_ASSERTIONS = NO;
				ENABLE_STRICT_OBJC_MSGSEND = YES;
				ENABLE_USER_SCRIPT_SANDBOXING = YES;
				GCC_C_LANGUAGE_STANDARD = gnu17;
				GCC_NO_COMMON_BLOCKS = YES;
				GCC_WARN_64_TO_32_BIT_CONVERSION = YES;
				GCC_WARN_ABOUT_RETURN_TYPE = YES_ERROR;
				GCC_WARN_UNDECLARED_SELECTOR = YES;
				GCC_WARN_UNINITIALIZED_AUTOS = YES_AGGRESSIVE;
				GCC_WARN_UNUSED_FUNCTION = YES;
				GCC_WARN_UNUSED_VARIABLE = YES;
				IPHONEOS_DEPLOYMENT_TARGET = 17.5;
				LOCALIZATION_PREFERS_STRING_CATALOGS = YES;
				MTL_ENABLE_DEBUG_INFO = NO;
				MTL_FAST_MATH = YES;
				SDKROOT = iphoneos;
				SWIFT_COMPILATION_MODE = wholemodule;
				VALIDATE_PRODUCT = YES;
			};
			name = Release;
		};
		D9DDD7662C27374B00E511C9 /* Debug */ = {
			isa = XCBuildConfiguration;
			buildSettings = {
				ASSETCATALOG_COMPILER_APPICON_NAME = AppIcon;
				ASSETCATALOG_COMPILER_GLOBAL_ACCENT_COLOR_NAME = AccentColor;
				CODE_SIGN_STYLE = Automatic;
				CURRENT_PROJECT_VERSION = 1;
				DEVELOPMENT_ASSET_PATHS = "\"SwiftLearning/Preview Content\"";
				ENABLE_PREVIEWS = YES;
				GENERATE_INFOPLIST_FILE = YES;
				INFOPLIST_KEY_UIApplicationSceneManifest_Generation = YES;
				INFOPLIST_KEY_UIApplicationSupportsIndirectInputEvents = YES;
				INFOPLIST_KEY_UILaunchScreen_Generation = YES;
				INFOPLIST_KEY_UISupportedInterfaceOrientations_iPad = "UIInterfaceOrientationPortrait UIInterfaceOrientationPortraitUpsideDown UIInterfaceOrientationLandscapeLeft UIInterfaceOrientationLandscapeRight";
				INFOPLIST_KEY_UISupportedInterfaceOrientations_iPhone = "UIInterfaceOrientationPortrait UIInterfaceOrientationLandscapeLeft UIInterfaceOrientationLandscapeRight";
				LD_RUNPATH_SEARCH_PATHS = (
					"$(inherited)",
					"@executable_path/Frameworks",
				);
				MARKETING_VERSION = 1.0;
				PRODUCT_BUNDLE_IDENTIFIER = com.erayhamurlu.SwiftLearning;
				PRODUCT_NAME = "$(TARGET_NAME)";
				SWIFT_EMIT_LOC_STRINGS = YES;
				SWIFT_VERSION = 5.0;
				TARGETED_DEVICE_FAMILY = "1,2";
			};
			name = Debug;
		};
		D9DDD7672C27374B00E511C9 /* Release */ = {
			isa = XCBuildConfiguration;
			buildSettings = {
				ASSETCATALOG_COMPILER_APPICON_NAME = AppIcon;
				ASSETCATALOG_COMPILER_GLOBAL_ACCENT_COLOR_NAME = AccentColor;
				CODE_SIGN_STYLE = Automatic;
				CURRENT_PROJECT_VERSION = 1;
				DEVELOPMENT_ASSET_PATHS = "\"SwiftLearning/Preview Content\"";
				ENABLE_PREVIEWS = YES;
				GENERATE_INFOPLIST_FILE = YES;
				INFOPLIST_KEY_UIApplicationSceneManifest_Generation = YES;
				INFOPLIST_KEY_UIApplicationSupportsIndirectInputEvents = YES;
				INFOPLIST_KEY_UILaunchScreen_Generation = YES;
				INFOPLIST_KEY_UISupportedInterfaceOrientations_iPad = "UIInterfaceOrientationPortrait UIInterfaceOrientationPortraitUpsideDown UIInterfaceOrientationLandscapeLeft UIInterfaceOrientationLandscapeRight";
				INFOPLIST_KEY_UISupportedInterfaceOrientations_iPhone = "UIInterfaceOrientationPortrait UIInterfaceOrientationLandscapeLeft UIInterfaceOrientationLandscapeRight";
				LD_RUNPATH_SEARCH_PATHS = (
					"$(inherited)",
					"@executable_path/Frameworks",
				);
				MARKETING_VERSION = 1.0;
				PRODUCT_BUNDLE_IDENTIFIER = com.erayhamurlu.SwiftLearning;
				PRODUCT_NAME = "$(TARGET_NAME)";
				SWIFT_EMIT_LOC_STRINGS = YES;
				SWIFT_VERSION = 5.0;
				TARGETED_DEVICE_FAMILY = "1,2";
			};
			name = Release;
		};
/* End XCBuildConfiguration section */

/* Begin XCConfigurationList section */
		D9DDD7522C27374A00E511C9 /* Build configuration list for PBXProject "SwiftLearning" */ = {
			isa = XCConfigurationList;
			buildConfigurations = (
				D9DDD7632C27374B00E511C9 /* Debug */,
				D9DDD7642C27374B00E511C9 /* Release */,
			);
			defaultConfigurationIsVisible = 0;
			defaultConfigurationName = Release;
		};
		D9DDD7652C27374B00E511C9 /* Build configuration list for PBXNativeTarget "SwiftLearning" */ = {
			isa = XCConfigurationList;
			buildConfigurations = (
				D9DDD7662C27374B00E511C9 /* Debug */,
				D9DDD7672C27374B00E511C9 /* Release */,
			);
			defaultConfigurationIsVisible = 0;
			defaultConfigurationName = Release;
		};
/* End XCConfigurationList section */
	};
	rootObject = D9DDD74F2C27374A00E511C9 /* Project object */;
}
